Microsoft Visual Studio Solution File, Format Version 12.00
# Visual Studio 2012
Project("{FAE04EC0-301F-11D3-BF4B-00C04F79EFBC}") = "ExampleNetworkingCSharpServer", "ExampleNetworkingCSharpServer.csproj", "{E6ED84C3-35F7-4254-98BF-51D90C9FF7F1}"
EndProject
Global
	GlobalSection(SolutionConfigurationPlatforms) = preSolution
	Debug|Any CPU = Debug|Any CPU
	ExportDebug|Any CPU = ExportDebug|Any CPU
	ExportRelease|Any CPU = ExportRelease|Any CPU
	EndGlobalSection
	GlobalSection(ProjectConfigurationPlatforms) = postSolution
		{E6ED84C3-35F7-4254-98BF-51D90C9FF7F1}.Debug|Any CPU.ActiveCfg = Debug|Any CPU
		{E6ED84C3-35F7-4254-98BF-51D90C9FF7F1}.Debug|Any CPU.Build.0 = Debug|Any CPU
		{E6ED84C3-35F7-4254-98BF-51D90C9FF7F1}.ExportDebug|Any CPU.ActiveCfg = ExportDebug|Any CPU
		{E6ED84C3-35F7-4254-98BF-51D90C9FF7F1}.ExportDebug|Any CPU.Build.0 = ExportDebug|Any CPU
		{E6ED84C3-35F7-4254-98BF-51D90C9FF7F1}.ExportRelease|Any CPU.ActiveCfg = ExportRelease|Any CPU
		{E6ED84C3-35F7-4254-98BF-51D90C9FF7F1}.ExportRelease|Any CPU.Build.0 = ExportRelease|Any CPU
	EndGlobalSection
EndGlobal
